// !$*UTF8*$!
{
	archiveVersion = 1;
	classes = {
	};
	objectVersion = 56;
	objects = {

/* Begin PBXBuildFile section */
		0F1C0E432B949763008962AE /* GoogleService-Info.plist in Resources */ = {isa = PBXBuildFile; fileRef = 0F1C0E422B949763008962AE /* GoogleService-Info.plist */; };
		2F5C5D312B8E2D8400531C33 /* RegisterView.swift in Sources */ = {isa = PBXBuildFile; fileRef = 2F5C5D302B8E2D8400531C33 /* RegisterView.swift */; };
		2F5C5D342B8EDB9500531C33 /* Views+Extensions.swift in Sources */ = {isa = PBXBuildFile; fileRef = 2F5C5D332B8EDB9500531C33 /* Views+Extensions.swift */; };
		2F5C5D362B8EDC0C00531C33 /* MainView.swift in Sources */ = {isa = PBXBuildFile; fileRef = 2F5C5D352B8EDC0C00531C33 /* MainView.swift */; };
		2F5C5D382B8EDD8000531C33 /* ProfileView.swift in Sources */ = {isa = PBXBuildFile; fileRef = 2F5C5D372B8EDD8000531C33 /* ProfileView.swift */; };
		2F5C5D3A2B8EEB5F00531C33 /* ReusableProfileContent.swift in Sources */ = {isa = PBXBuildFile; fileRef = 2F5C5D392B8EEB5F00531C33 /* ReusableProfileContent.swift */; };
		2F5C5D3D2B8EECC900531C33 /* SDWebImageSwiftUI in Frameworks */ = {isa = PBXBuildFile; productRef = 2F5C5D3C2B8EECC900531C33 /* SDWebImageSwiftUI */; };
		2F5C5D3F2B8EFBE700531C33 /* CreateNewPost.swift in Sources */ = {isa = PBXBuildFile; fileRef = 2F5C5D3E2B8EFBE700531C33 /* CreateNewPost.swift */; };
		2F5C5D412B8EFCFE00531C33 /* Post.swift in Sources */ = {isa = PBXBuildFile; fileRef = 2F5C5D402B8EFCFE00531C33 /* Post.swift */; };
		2F5C5D432B8F219200531C33 /* PostsView.swift in Sources */ = {isa = PBXBuildFile; fileRef = 2F5C5D422B8F219200531C33 /* PostsView.swift */; };
		2F5C5D452B8F246000531C33 /* ReusablePostsView.swift in Sources */ = {isa = PBXBuildFile; fileRef = 2F5C5D442B8F246000531C33 /* ReusablePostsView.swift */; };
		2F5C5D472B8F2A0E00531C33 /* PostCardView.swift in Sources */ = {isa = PBXBuildFile; fileRef = 2F5C5D462B8F2A0E00531C33 /* PostCardView.swift */; };
		2F5C5D4B2B90331300531C33 /* SearchUserView.swift in Sources */ = {isa = PBXBuildFile; fileRef = 2F5C5D4A2B90331300531C33 /* SearchUserView.swift */; };
		983468582B8D997E0045D037 /* SocialmediaApp.swift in Sources */ = {isa = PBXBuildFile; fileRef = 983468572B8D997E0045D037 /* SocialmediaApp.swift */; };
		9834685A2B8D997E0045D037 /* ContentView.swift in Sources */ = {isa = PBXBuildFile; fileRef = 983468592B8D997E0045D037 /* ContentView.swift */; };
		9834685C2B8D997F0045D037 /* Assets.xcassets in Resources */ = {isa = PBXBuildFile; fileRef = 9834685B2B8D997F0045D037 /* Assets.xcassets */; };
		9834685F2B8D997F0045D037 /* Preview Assets.xcassets in Resources */ = {isa = PBXBuildFile; fileRef = 9834685E2B8D997F0045D037 /* Preview Assets.xcassets */; };
		9834686B2B8D9B9A0045D037 /* FirebaseAnalytics in Frameworks */ = {isa = PBXBuildFile; productRef = 9834686A2B8D9B9A0045D037 /* FirebaseAnalytics */; };
		9834686D2B8D9B9A0045D037 /* FirebaseAnalyticsOnDeviceConversion in Frameworks */ = {isa = PBXBuildFile; productRef = 9834686C2B8D9B9A0045D037 /* FirebaseAnalyticsOnDeviceConversion */; };
		9834686F2B8D9B9A0045D037 /* FirebaseAnalyticsSwift in Frameworks */ = {isa = PBXBuildFile; productRef = 9834686E2B8D9B9A0045D037 /* FirebaseAnalyticsSwift */; };
		983468712B8D9B9A0045D037 /* FirebaseAnalyticsWithoutAdIdSupport in Frameworks */ = {isa = PBXBuildFile; productRef = 983468702B8D9B9A0045D037 /* FirebaseAnalyticsWithoutAdIdSupport */; };
		983468732B8D9B9A0045D037 /* FirebaseAppCheck in Frameworks */ = {isa = PBXBuildFile; productRef = 983468722B8D9B9A0045D037 /* FirebaseAppCheck */; };
		983468752B8D9B9A0045D037 /* FirebaseAppDistribution-Beta in Frameworks */ = {isa = PBXBuildFile; productRef = 983468742B8D9B9A0045D037 /* FirebaseAppDistribution-Beta */; };
		983468772B8D9B9A0045D037 /* FirebaseAuth in Frameworks */ = {isa = PBXBuildFile; productRef = 983468762B8D9B9A0045D037 /* FirebaseAuth */; };
		983468792B8D9B9A0045D037 /* FirebaseAuthCombine-Community in Frameworks */ = {isa = PBXBuildFile; productRef = 983468782B8D9B9A0045D037 /* FirebaseAuthCombine-Community */; };
		9834687B2B8D9B9A0045D037 /* FirebaseCrashlytics in Frameworks */ = {isa = PBXBuildFile; productRef = 9834687A2B8D9B9A0045D037 /* FirebaseCrashlytics */; };
		9834687D2B8D9B9A0045D037 /* FirebaseDatabase in Frameworks */ = {isa = PBXBuildFile; productRef = 9834687C2B8D9B9A0045D037 /* FirebaseDatabase */; };
		9834687F2B8D9B9A0045D037 /* FirebaseDatabaseSwift in Frameworks */ = {isa = PBXBuildFile; productRef = 9834687E2B8D9B9A0045D037 /* FirebaseDatabaseSwift */; };
		983468812B8D9B9A0045D037 /* FirebaseDynamicLinks in Frameworks */ = {isa = PBXBuildFile; productRef = 983468802B8D9B9A0045D037 /* FirebaseDynamicLinks */; };
		983468832B8D9B9A0045D037 /* FirebaseFirestore in Frameworks */ = {isa = PBXBuildFile; productRef = 983468822B8D9B9A0045D037 /* FirebaseFirestore */; };
		983468852B8D9B9A0045D037 /* FirebaseFirestoreCombine-Community in Frameworks */ = {isa = PBXBuildFile; productRef = 983468842B8D9B9A0045D037 /* FirebaseFirestoreCombine-Community */; };
		983468872B8D9B9A0045D037 /* FirebaseFirestoreSwift in Frameworks */ = {isa = PBXBuildFile; productRef = 983468862B8D9B9A0045D037 /* FirebaseFirestoreSwift */; };
		983468892B8D9B9A0045D037 /* FirebaseFunctions in Frameworks */ = {isa = PBXBuildFile; productRef = 983468882B8D9B9A0045D037 /* FirebaseFunctions */; };
		9834688B2B8D9B9A0045D037 /* FirebaseFunctionsCombine-Community in Frameworks */ = {isa = PBXBuildFile; productRef = 9834688A2B8D9B9A0045D037 /* FirebaseFunctionsCombine-Community */; };
		9834688D2B8D9B9A0045D037 /* FirebaseInAppMessaging-Beta in Frameworks */ = {isa = PBXBuildFile; productRef = 9834688C2B8D9B9A0045D037 /* FirebaseInAppMessaging-Beta */; };
		9834688F2B8D9B9A0045D037 /* FirebaseInAppMessagingSwift-Beta in Frameworks */ = {isa = PBXBuildFile; productRef = 9834688E2B8D9B9A0045D037 /* FirebaseInAppMessagingSwift-Beta */; };
		983468912B8D9B9A0045D037 /* FirebaseInstallations in Frameworks */ = {isa = PBXBuildFile; productRef = 983468902B8D9B9A0045D037 /* FirebaseInstallations */; };
		983468932B8D9B9A0045D037 /* FirebaseMLModelDownloader in Frameworks */ = {isa = PBXBuildFile; productRef = 983468922B8D9B9A0045D037 /* FirebaseMLModelDownloader */; };
		983468952B8D9B9A0045D037 /* FirebaseMessaging in Frameworks */ = {isa = PBXBuildFile; productRef = 983468942B8D9B9A0045D037 /* FirebaseMessaging */; };
		983468972B8D9B9A0045D037 /* FirebasePerformance in Frameworks */ = {isa = PBXBuildFile; productRef = 983468962B8D9B9A0045D037 /* FirebasePerformance */; };
		983468992B8D9B9A0045D037 /* FirebaseRemoteConfig in Frameworks */ = {isa = PBXBuildFile; productRef = 983468982B8D9B9A0045D037 /* FirebaseRemoteConfig */; };
		9834689B2B8D9B9A0045D037 /* FirebaseRemoteConfigSwift in Frameworks */ = {isa = PBXBuildFile; productRef = 9834689A2B8D9B9A0045D037 /* FirebaseRemoteConfigSwift */; };
		9834689D2B8D9B9A0045D037 /* FirebaseStorage in Frameworks */ = {isa = PBXBuildFile; productRef = 9834689C2B8D9B9A0045D037 /* FirebaseStorage */; };
		9834689F2B8D9B9A0045D037 /* FirebaseStorageCombine-Community in Frameworks */ = {isa = PBXBuildFile; productRef = 9834689E2B8D9B9A0045D037 /* FirebaseStorageCombine-Community */; };
		983468A52B8D9C230045D037 /* LoginView.swift in Sources */ = {isa = PBXBuildFile; fileRef = 983468A42B8D9C220045D037 /* LoginView.swift */; };
		983468A82B8DDA420045D037 /* User.swift in Sources */ = {isa = PBXBuildFile; fileRef = 983468A72B8DDA420045D037 /* User.swift */; };
		983468AC2B8DFC7D0045D037 /* LoadingView.swift in Sources */ = {isa = PBXBuildFile; fileRef = 983468AB2B8DFC7D0045D037 /* LoadingView.swift */; };
/* End PBXBuildFile section */

/* Begin PBXFileReference section */
		0F1C0E422B949763008962AE /* GoogleService-Info.plist */ = {isa = PBXFileReference; fileEncoding = 4; lastKnownFileType = text.plist.xml; name = "GoogleService-Info.plist"; path = "../../../Downloads/GoogleService-Info.plist"; sourceTree = "<group>"; };
		0F41E0822B94779200590E9A /* Info.plist */ = {isa = PBXFileReference; lastKnownFileType = text.plist; path = Info.plist; sourceTree = "<group>"; };
		2F5C5D302B8E2D8400531C33 /* RegisterView.swift */ = {isa = PBXFileReference; lastKnownFileType = sourcecode.swift; path = RegisterView.swift; sourceTree = "<group>"; };
		2F5C5D332B8EDB9500531C33 /* Views+Extensions.swift */ = {isa = PBXFileReference; lastKnownFileType = sourcecode.swift; path = "Views+Extensions.swift"; sourceTree = "<group>"; };
		2F5C5D352B8EDC0C00531C33 /* MainView.swift */ = {isa = PBXFileReference; lastKnownFileType = sourcecode.swift; path = MainView.swift; sourceTree = "<group>"; };
		2F5C5D372B8EDD8000531C33 /* ProfileView.swift */ = {isa = PBXFileReference; lastKnownFileType = sourcecode.swift; path = ProfileView.swift; sourceTree = "<group>"; };
		2F5C5D392B8EEB5F00531C33 /* ReusableProfileContent.swift */ = {isa = PBXFileReference; lastKnownFileType = sourcecode.swift; path = ReusableProfileContent.swift; sourceTree = "<group>"; };
		2F5C5D3E2B8EFBE700531C33 /* CreateNewPost.swift */ = {isa = PBXFileReference; lastKnownFileType = sourcecode.swift; path = CreateNewPost.swift; sourceTree = "<group>"; };
		2F5C5D402B8EFCFE00531C33 /* Post.swift */ = {isa = PBXFileReference; lastKnownFileType = sourcecode.swift; path = Post.swift; sourceTree = "<group>"; };
		2F5C5D422B8F219200531C33 /* PostsView.swift */ = {isa = PBXFileReference; lastKnownFileType = sourcecode.swift; path = PostsView.swift; sourceTree = "<group>"; };
		2F5C5D442B8F246000531C33 /* ReusablePostsView.swift */ = {isa = PBXFileReference; lastKnownFileType = sourcecode.swift; path = ReusablePostsView.swift; sourceTree = "<group>"; };
		2F5C5D462B8F2A0E00531C33 /* PostCardView.swift */ = {isa = PBXFileReference; lastKnownFileType = sourcecode.swift; path = PostCardView.swift; sourceTree = "<group>"; };
		2F5C5D4A2B90331300531C33 /* SearchUserView.swift */ = {isa = PBXFileReference; lastKnownFileType = sourcecode.swift; path = SearchUserView.swift; sourceTree = "<group>"; };
		983468542B8D997E0045D037 /* Socialmedia.app */ = {isa = PBXFileReference; explicitFileType = wrapper.application; includeInIndex = 0; path = Socialmedia.app; sourceTree = BUILT_PRODUCTS_DIR; };
		983468572B8D997E0045D037 /* SocialmediaApp.swift */ = {isa = PBXFileReference; lastKnownFileType = sourcecode.swift; path = SocialmediaApp.swift; sourceTree = "<group>"; };
		983468592B8D997E0045D037 /* ContentView.swift */ = {isa = PBXFileReference; lastKnownFileType = sourcecode.swift; path = ContentView.swift; sourceTree = "<group>"; };
		9834685B2B8D997F0045D037 /* Assets.xcassets */ = {isa = PBXFileReference; lastKnownFileType = folder.assetcatalog; path = Assets.xcassets; sourceTree = "<group>"; };
		9834685E2B8D997F0045D037 /* Preview Assets.xcassets */ = {isa = PBXFileReference; lastKnownFileType = folder.assetcatalog; path = "Preview Assets.xcassets"; sourceTree = "<group>"; };
		983468A42B8D9C220045D037 /* LoginView.swift */ = {isa = PBXFileReference; lastKnownFileType = sourcecode.swift; path = LoginView.swift; sourceTree = "<group>"; };
		983468A72B8DDA420045D037 /* User.swift */ = {isa = PBXFileReference; lastKnownFileType = sourcecode.swift; path = User.swift; sourceTree = "<group>"; };
		983468AB2B8DFC7D0045D037 /* LoadingView.swift */ = {isa = PBXFileReference; lastKnownFileType = sourcecode.swift; path = LoadingView.swift; sourceTree = "<group>"; };
/* End PBXFileReference section */

/* Begin PBXFrameworksBuildPhase section */
		983468512B8D997E0045D037 /* Frameworks */ = {
			isa = PBXFrameworksBuildPhase;
			buildActionMask = 2147483647;
			files = (
				2F5C5D3D2B8EECC900531C33 /* SDWebImageSwiftUI in Frameworks */,
				9834687D2B8D9B9A0045D037 /* FirebaseDatabase in Frameworks */,
				9834688B2B8D9B9A0045D037 /* FirebaseFunctionsCombine-Community in Frameworks */,
				983468832B8D9B9A0045D037 /* FirebaseFirestore in Frameworks */,
				9834686F2B8D9B9A0045D037 /* FirebaseAnalyticsSwift in Frameworks */,
				9834686B2B8D9B9A0045D037 /* FirebaseAnalytics in Frameworks */,
				9834686D2B8D9B9A0045D037 /* FirebaseAnalyticsOnDeviceConversion in Frameworks */,
				983468932B8D9B9A0045D037 /* FirebaseMLModelDownloader in Frameworks */,
				983468872B8D9B9A0045D037 /* FirebaseFirestoreSwift in Frameworks */,
				983468732B8D9B9A0045D037 /* FirebaseAppCheck in Frameworks */,
				983468712B8D9B9A0045D037 /* FirebaseAnalyticsWithoutAdIdSupport in Frameworks */,
				983468772B8D9B9A0045D037 /* FirebaseAuth in Frameworks */,
				9834687B2B8D9B9A0045D037 /* FirebaseCrashlytics in Frameworks */,
				9834689B2B8D9B9A0045D037 /* FirebaseRemoteConfigSwift in Frameworks */,
				9834688D2B8D9B9A0045D037 /* FirebaseInAppMessaging-Beta in Frameworks */,
				9834687F2B8D9B9A0045D037 /* FirebaseDatabaseSwift in Frameworks */,
				983468892B8D9B9A0045D037 /* FirebaseFunctions in Frameworks */,
				9834689F2B8D9B9A0045D037 /* FirebaseStorageCombine-Community in Frameworks */,
				983468992B8D9B9A0045D037 /* FirebaseRemoteConfig in Frameworks */,
				983468752B8D9B9A0045D037 /* FirebaseAppDistribution-Beta in Frameworks */,
				983468792B8D9B9A0045D037 /* FirebaseAuthCombine-Community in Frameworks */,
				983468972B8D9B9A0045D037 /* FirebasePerformance in Frameworks */,
				9834688F2B8D9B9A0045D037 /* FirebaseInAppMessagingSwift-Beta in Frameworks */,
				9834689D2B8D9B9A0045D037 /* FirebaseStorage in Frameworks */,
				983468812B8D9B9A0045D037 /* FirebaseDynamicLinks in Frameworks */,
				983468852B8D9B9A0045D037 /* FirebaseFirestoreCombine-Community in Frameworks */,
				983468952B8D9B9A0045D037 /* FirebaseMessaging in Frameworks */,
				983468912B8D9B9A0045D037 /* FirebaseInstallations in Frameworks */,
			);
			runOnlyForDeploymentPostprocessing = 0;
		};
/* End PBXFrameworksBuildPhase section */

/* Begin PBXGroup section */
		2F5C5D2E2B8E2D0000531C33 /* Login */ = {
			isa = PBXGroup;
			children = (
				983468A42B8D9C220045D037 /* LoginView.swift */,
				2F5C5D302B8E2D8400531C33 /* RegisterView.swift */,
			);
			path = Login;
			sourceTree = "<group>";
		};
		2F5C5D2F2B8E2D0D00531C33 /* MainView */ = {
			isa = PBXGroup;
			children = (
				2F5C5D352B8EDC0C00531C33 /* MainView.swift */,
				2F5C5D3E2B8EFBE700531C33 /* CreateNewPost.swift */,
				2F5C5D492B902EA100531C33 /* ProfileView */,
				2F5C5D482B902E7F00531C33 /* PostView */,
				2F5C5D4A2B90331300531C33 /* SearchUserView.swift */,
			);
			path = MainView;
			sourceTree = "<group>";
		};
		2F5C5D322B8EDB7F00531C33 /* Helpers */ = {
			isa = PBXGroup;
			children = (
				2F5C5D332B8EDB9500531C33 /* Views+Extensions.swift */,
			);
			path = Helpers;
			sourceTree = "<group>";
		};
		2F5C5D482B902E7F00531C33 /* PostView */ = {
			isa = PBXGroup;
			children = (
				2F5C5D422B8F219200531C33 /* PostsView.swift */,
				2F5C5D442B8F246000531C33 /* ReusablePostsView.swift */,
				2F5C5D462B8F2A0E00531C33 /* PostCardView.swift */,
			);
			path = PostView;
			sourceTree = "<group>";
		};
		2F5C5D492B902EA100531C33 /* ProfileView */ = {
			isa = PBXGroup;
			children = (
				2F5C5D372B8EDD8000531C33 /* ProfileView.swift */,
				2F5C5D392B8EEB5F00531C33 /* ReusableProfileContent.swift */,
			);
			path = ProfileView;
			sourceTree = "<group>";
		};
		9834684B2B8D997E0045D037 = {
			isa = PBXGroup;
			children = (
				983468562B8D997E0045D037 /* Socialmedia */,
				983468552B8D997E0045D037 /* Products */,
			);
			sourceTree = "<group>";
		};
		983468552B8D997E0045D037 /* Products */ = {
			isa = PBXGroup;
			children = (
				983468542B8D997E0045D037 /* Socialmedia.app */,
			);
			name = Products;
			sourceTree = "<group>";
		};
		983468562B8D997E0045D037 /* Socialmedia */ = {
			isa = PBXGroup;
			children = (
				0F41E0822B94779200590E9A /* Info.plist */,
				983468A32B8D9BF10045D037 /* Model */,
				983468572B8D997E0045D037 /* SocialmediaApp.swift */,
				983468592B8D997E0045D037 /* ContentView.swift */,
				983468A02B8D9BBA0045D037 /* Views */,
				9834685B2B8D997F0045D037 /* Assets.xcassets */,
				0F1C0E422B949763008962AE /* GoogleService-Info.plist */,
				9834685D2B8D997F0045D037 /* Preview Content */,
			);
			path = Socialmedia;
			sourceTree = "<group>";
		};
		9834685D2B8D997F0045D037 /* Preview Content */ = {
			isa = PBXGroup;
			children = (
				9834685E2B8D997F0045D037 /* Preview Assets.xcassets */,
			);
			path = "Preview Content";
			sourceTree = "<group>";
		};
		983468A02B8D9BBA0045D037 /* Views */ = {
			isa = PBXGroup;
			children = (
				2F5C5D322B8EDB7F00531C33 /* Helpers */,
				2F5C5D2F2B8E2D0D00531C33 /* MainView */,
				2F5C5D2E2B8E2D0000531C33 /* Login */,
				983468AB2B8DFC7D0045D037 /* LoadingView.swift */,
			);
			path = Views;
			sourceTree = "<group>";
		};
		983468A32B8D9BF10045D037 /* Model */ = {
			isa = PBXGroup;
			children = (
				983468A72B8DDA420045D037 /* User.swift */,
				2F5C5D402B8EFCFE00531C33 /* Post.swift */,
			);
			path = Model;
			sourceTree = "<group>";
		};
/* End PBXGroup section */

/* Begin PBXNativeTarget section */
		983468532B8D997E0045D037 /* Socialmedia */ = {
			isa = PBXNativeTarget;
			buildConfigurationList = 983468622B8D997F0045D037 /* Build configuration list for PBXNativeTarget "Socialmedia" */;
			buildPhases = (
				983468502B8D997E0045D037 /* Sources */,
				983468512B8D997E0045D037 /* Frameworks */,
				983468522B8D997E0045D037 /* Resources */,
			);
			buildRules = (
			);
			dependencies = (
			);
			name = Socialmedia;
			packageProductDependencies = (
				9834686A2B8D9B9A0045D037 /* FirebaseAnalytics */,
				9834686C2B8D9B9A0045D037 /* FirebaseAnalyticsOnDeviceConversion */,
				9834686E2B8D9B9A0045D037 /* FirebaseAnalyticsSwift */,
				983468702B8D9B9A0045D037 /* FirebaseAnalyticsWithoutAdIdSupport */,
				983468722B8D9B9A0045D037 /* FirebaseAppCheck */,
				983468742B8D9B9A0045D037 /* FirebaseAppDistribution-Beta */,
				983468762B8D9B9A0045D037 /* FirebaseAuth */,
				983468782B8D9B9A0045D037 /* FirebaseAuthCombine-Community */,
				9834687A2B8D9B9A0045D037 /* FirebaseCrashlytics */,
				9834687C2B8D9B9A0045D037 /* FirebaseDatabase */,
				9834687E2B8D9B9A0045D037 /* FirebaseDatabaseSwift */,
				983468802B8D9B9A0045D037 /* FirebaseDynamicLinks */,
				983468822B8D9B9A0045D037 /* FirebaseFirestore */,
				983468842B8D9B9A0045D037 /* FirebaseFirestoreCombine-Community */,
				983468862B8D9B9A0045D037 /* FirebaseFirestoreSwift */,
				983468882B8D9B9A0045D037 /* FirebaseFunctions */,
				9834688A2B8D9B9A0045D037 /* FirebaseFunctionsCombine-Community */,
				9834688C2B8D9B9A0045D037 /* FirebaseInAppMessaging-Beta */,
				9834688E2B8D9B9A0045D037 /* FirebaseInAppMessagingSwift-Beta */,
				983468902B8D9B9A0045D037 /* FirebaseInstallations */,
				983468922B8D9B9A0045D037 /* FirebaseMLModelDownloader */,
				983468942B8D9B9A0045D037 /* FirebaseMessaging */,
				983468962B8D9B9A0045D037 /* FirebasePerformance */,
				983468982B8D9B9A0045D037 /* FirebaseRemoteConfig */,
				9834689A2B8D9B9A0045D037 /* FirebaseRemoteConfigSwift */,
				9834689C2B8D9B9A0045D037 /* FirebaseStorage */,
				9834689E2B8D9B9A0045D037 /* FirebaseStorageCombine-Community */,
				2F5C5D3C2B8EECC900531C33 /* SDWebImageSwiftUI */,
			);
			productName = Socialmedia;
			productReference = 983468542B8D997E0045D037 /* Socialmedia.app */;
			productType = "com.apple.product-type.application";
		};
/* End PBXNativeTarget section */

/* Begin PBXProject section */
		9834684C2B8D997E0045D037 /* Project object */ = {
			isa = PBXProject;
			attributes = {
				BuildIndependentTargetsInParallel = 1;
				LastSwiftUpdateCheck = 1510;
				LastUpgradeCheck = 1510;
				TargetAttributes = {
					983468532B8D997E0045D037 = {
						CreatedOnToolsVersion = 15.1;
					};
				};
			};
			buildConfigurationList = 9834684F2B8D997E0045D037 /* Build configuration list for PBXProject "Socialmedia" */;
			compatibilityVersion = "Xcode 14.0";
			developmentRegion = en;
			hasScannedForEncodings = 0;
			knownRegions = (
				en,
				Base,
			);
			mainGroup = 9834684B2B8D997E0045D037;
			packageReferences = (
				983468692B8D9B9A0045D037 /* XCRemoteSwiftPackageReference "firebase-ios-sdk" */,
				2F5C5D3B2B8EECC900531C33 /* XCRemoteSwiftPackageReference "SDWebImageSwiftUI" */,
			);
			productRefGroup = 983468552B8D997E0045D037 /* Products */;
			projectDirPath = "";
			projectRoot = "";
			targets = (
				983468532B8D997E0045D037 /* Socialmedia */,
			);
		};
/* End PBXProject section */

/* Begin PBXResourcesBuildPhase section */
		983468522B8D997E0045D037 /* Resources */ = {
			isa = PBXResourcesBuildPhase;
			buildActionMask = 2147483647;
			files = (
				9834685F2B8D997F0045D037 /* Preview Assets.xcassets in Resources */,
				9834685C2B8D997F0045D037 /* Assets.xcassets in Resources */,
				0F1C0E432B949763008962AE /* GoogleService-Info.plist in Resources */,
			);
			runOnlyForDeploymentPostprocessing = 0;
		};
/* End PBXResourcesBuildPhase section */

/* Begin PBXSourcesBuildPhase section */
		983468502B8D997E0045D037 /* Sources */ = {
			isa = PBXSourcesBuildPhase;
			buildActionMask = 2147483647;
			files = (
				983468A82B8DDA420045D037 /* User.swift in Sources */,
				2F5C5D382B8EDD8000531C33 /* ProfileView.swift in Sources */,
				2F5C5D3A2B8EEB5F00531C33 /* ReusableProfileContent.swift in Sources */,
				2F5C5D412B8EFCFE00531C33 /* Post.swift in Sources */,
				2F5C5D362B8EDC0C00531C33 /* MainView.swift in Sources */,
				983468A52B8D9C230045D037 /* LoginView.swift in Sources */,
				9834685A2B8D997E0045D037 /* ContentView.swift in Sources */,
				2F5C5D452B8F246000531C33 /* ReusablePostsView.swift in Sources */,
				2F5C5D342B8EDB9500531C33 /* Views+Extensions.swift in Sources */,
				2F5C5D3F2B8EFBE700531C33 /* CreateNewPost.swift in Sources */,
				2F5C5D432B8F219200531C33 /* PostsView.swift in Sources */,
				2F5C5D312B8E2D8400531C33 /* RegisterView.swift in Sources */,
				2F5C5D472B8F2A0E00531C33 /* PostCardView.swift in Sources */,
				983468AC2B8DFC7D0045D037 /* LoadingView.swift in Sources */,
				983468582B8D997E0045D037 /* SocialmediaApp.swift in Sources */,
				2F5C5D4B2B90331300531C33 /* SearchUserView.swift in Sources */,
			);
			runOnlyForDeploymentPostprocessing = 0;
		};
/* End PBXSourcesBuildPhase section */

/* Begin XCBuildConfiguration section */
		983468602B8D997F0045D037 /* Debug */ = {
			isa = XCBuildConfiguration;
			buildSettings = {
				ALWAYS_SEARCH_USER_PATHS = NO;
				ASSETCATALOG_COMPILER_GENERATE_SWIFT_ASSET_SYMBOL_EXTENSIONS = YES;
				CLANG_ANALYZER_NONNULL = YES;
				CLANG_ANALYZER_NUMBER_OBJECT_CONVERSION = YES_AGGRESSIVE;
				CLANG_CXX_LANGUAGE_STANDARD = "gnu++20";
				CLANG_ENABLE_MODULES = YES;
				CLANG_ENABLE_OBJC_ARC = YES;
				CLANG_ENABLE_OBJC_WEAK = YES;
				CLANG_WARN_BLOCK_CAPTURE_AUTORELEASING = YES;
				CLANG_WARN_BOOL_CONVERSION = YES;
				CLANG_WARN_COMMA = YES;
				CLANG_WARN_CONSTANT_CONVERSION = YES;
				CLANG_WARN_DEPRECATED_OBJC_IMPLEMENTATIONS = YES;
				CLANG_WARN_DIRECT_OBJC_ISA_USAGE = YES_ERROR;
				CLANG_WARN_DOCUMENTATION_COMMENTS = YES;
				CLANG_WARN_EMPTY_BODY = YES;
				CLANG_WARN_ENUM_CONVERSION = YES;
				CLANG_WARN_INFINITE_RECURSION = YES;
				CLANG_WARN_INT_CONVERSION = YES;
				CLANG_WARN_NON_LITERAL_NULL_CONVERSION = YES;
				CLANG_WARN_OBJC_IMPLICIT_RETAIN_SELF = YES;
				CLANG_WARN_OBJC_LITERAL_CONVERSION = YES;
				CLANG_WARN_OBJC_ROOT_CLASS = YES_ERROR;
				CLANG_WARN_QUOTED_INCLUDE_IN_FRAMEWORK_HEADER = YES;
				CLANG_WARN_RANGE_LOOP_ANALYSIS = YES;
				CLANG_WARN_STRICT_PROTOTYPES = YES;
				CLANG_WARN_SUSPICIOUS_MOVE = YES;
				CLANG_WARN_UNGUARDED_AVAILABILITY = YES_AGGRESSIVE;
				CLANG_WARN_UNREACHABLE_CODE = YES;
				CLANG_WARN__DUPLICATE_METHOD_MATCH = YES;
				COPY_PHASE_STRIP = NO;
				DEBUG_INFORMATION_FORMAT = dwarf;
				ENABLE_STRICT_OBJC_MSGSEND = YES;
				ENABLE_TESTABILITY = YES;
				ENABLE_USER_SCRIPT_SANDBOXING = YES;
				GCC_C_LANGUAGE_STANDARD = gnu17;
				GCC_DYNAMIC_NO_PIC = NO;
				GCC_NO_COMMON_BLOCKS = YES;
				GCC_OPTIMIZATION_LEVEL = 0;
				GCC_PREPROCESSOR_DEFINITIONS = (
					"DEBUG=1",
					"$(inherited)",
				);
				GCC_WARN_64_TO_32_BIT_CONVERSION = YES;
				GCC_WARN_ABOUT_RETURN_TYPE = YES_ERROR;
				GCC_WARN_UNDECLARED_SELECTOR = YES;
				GCC_WARN_UNINITIALIZED_AUTOS = YES_AGGRESSIVE;
				GCC_WARN_UNUSED_FUNCTION = YES;
				GCC_WARN_UNUSED_VARIABLE = YES;
				IPHONEOS_DEPLOYMENT_TARGET = 17.2;
				LOCALIZATION_PREFERS_STRING_CATALOGS = YES;
				MTL_ENABLE_DEBUG_INFO = INCLUDE_SOURCE;
				MTL_FAST_MATH = YES;
				ONLY_ACTIVE_ARCH = YES;
				SDKROOT = iphoneos;
				SWIFT_ACTIVE_COMPILATION_CONDITIONS = "DEBUG $(inherited)";
				SWIFT_OPTIMIZATION_LEVEL = "-Onone";
			};
			name = Debug;
		};
		983468612B8D997F0045D037 /* Release */ = {
			isa = XCBuildConfiguration;
			buildSettings = {
				ALWAYS_SEARCH_USER_PATHS = NO;
				ASSETCATALOG_COMPILER_GENERATE_SWIFT_ASSET_SYMBOL_EXTENSIONS = YES;
				CLANG_ANALYZER_NONNULL = YES;
				CLANG_ANALYZER_NUMBER_OBJECT_CONVERSION = YES_AGGRESSIVE;
				CLANG_CXX_LANGUAGE_STANDARD = "gnu++20";
				CLANG_ENABLE_MODULES = YES;
				CLANG_ENABLE_OBJC_ARC = YES;
				CLANG_ENABLE_OBJC_WEAK = YES;
				CLANG_WARN_BLOCK_CAPTURE_AUTORELEASING = YES;
				CLANG_WARN_BOOL_CONVERSION = YES;
				CLANG_WARN_COMMA = YES;
				CLANG_WARN_CONSTANT_CONVERSION = YES;
				CLANG_WARN_DEPRECATED_OBJC_IMPLEMENTATIONS = YES;
				CLANG_WARN_DIRECT_OBJC_ISA_USAGE = YES_ERROR;
				CLANG_WARN_DOCUMENTATION_COMMENTS = YES;
				CLANG_WARN_EMPTY_BODY = YES;
				CLANG_WARN_ENUM_CONVERSION = YES;
				CLANG_WARN_INFINITE_RECURSION = YES;
				CLANG_WARN_INT_CONVERSION = YES;
				CLANG_WARN_NON_LITERAL_NULL_CONVERSION = YES;
				CLANG_WARN_OBJC_IMPLICIT_RETAIN_SELF = YES;
				CLANG_WARN_OBJC_LITERAL_CONVERSION = YES;
				CLANG_WARN_OBJC_ROOT_CLASS = YES_ERROR;
				CLANG_WARN_QUOTED_INCLUDE_IN_FRAMEWORK_HEADER = YES;
				CLANG_WARN_RANGE_LOOP_ANALYSIS = YES;
				CLANG_WARN_STRICT_PROTOTYPES = YES;
				CLANG_WARN_SUSPICIOUS_MOVE = YES;
				CLANG_WARN_UNGUARDED_AVAILABILITY = YES_AGGRESSIVE;
				CLANG_WARN_UNREACHABLE_CODE = YES;
				CLANG_WARN__DUPLICATE_METHOD_MATCH = YES;
				COPY_PHASE_STRIP = NO;
				DEBUG_INFORMATION_FORMAT = "dwarf-with-dsym";
				ENABLE_NS_ASSERTIONS = NO;
				ENABLE_STRICT_OBJC_MSGSEND = YES;
				ENABLE_USER_SCRIPT_SANDBOXING = YES;
				GCC_C_LANGUAGE_STANDARD = gnu17;
				GCC_NO_COMMON_BLOCKS = YES;
				GCC_WARN_64_TO_32_BIT_CONVERSION = YES;
				GCC_WARN_ABOUT_RETURN_TYPE = YES_ERROR;
				GCC_WARN_UNDECLARED_SELECTOR = YES;
				GCC_WARN_UNINITIALIZED_AUTOS = YES_AGGRESSIVE;
				GCC_WARN_UNUSED_FUNCTION = YES;
				GCC_WARN_UNUSED_VARIABLE = YES;
				IPHONEOS_DEPLOYMENT_TARGET = 17.2;
				LOCALIZATION_PREFERS_STRING_CATALOGS = YES;
				MTL_ENABLE_DEBUG_INFO = NO;
				MTL_FAST_MATH = YES;
				SDKROOT = iphoneos;
				SWIFT_COMPILATION_MODE = wholemodule;
				VALIDATE_PRODUCT = YES;
			};
			name = Release;
		};
		983468632B8D997F0045D037 /* Debug */ = {
			isa = XCBuildConfiguration;
			buildSettings = {
				ASSETCATALOG_COMPILER_APPICON_NAME = AppIcon;
				ASSETCATALOG_COMPILER_GLOBAL_ACCENT_COLOR_NAME = AccentColor;
				CODE_SIGN_STYLE = Automatic;
				CURRENT_PROJECT_VERSION = 1;
				DEVELOPMENT_ASSET_PATHS = "\"Socialmedia/Preview Content\"";
				DEVELOPMENT_TEAM = RHL26U4H7P;
				ENABLE_PREVIEWS = YES;
				GENERATE_INFOPLIST_FILE = YES;
				INFOPLIST_FILE = Socialmedia/Info.plist;
				INFOPLIST_KEY_UIApplicationSceneManifest_Generation = YES;
				INFOPLIST_KEY_UIApplicationSupportsIndirectInputEvents = YES;
				INFOPLIST_KEY_UILaunchScreen_Generation = YES;
				INFOPLIST_KEY_UISupportedInterfaceOrientations_iPad = "UIInterfaceOrientationPortrait UIInterfaceOrientationPortraitUpsideDown UIInterfaceOrientationLandscapeLeft UIInterfaceOrientationLandscapeRight";
				INFOPLIST_KEY_UISupportedInterfaceOrientations_iPhone = "UIInterfaceOrientationPortrait UIInterfaceOrientationLandscapeLeft UIInterfaceOrientationLandscapeRight";
				LD_RUNPATH_SEARCH_PATHS = (
					"$(inherited)",
					"@executable_path/Frameworks",
				);
				MARKETING_VERSION = 1.0;
				PRODUCT_BUNDLE_IDENTIFIER = in.edu.srmist.Changedsocialmedia;
				PRODUCT_NAME = "$(TARGET_NAME)";
				SWIFT_EMIT_LOC_STRINGS = YES;
				SWIFT_VERSION = 5.0;
				TARGETED_DEVICE_FAMILY = "1,2";
			};
			name = Debug;
		};
		983468642B8D997F0045D037 /* Release */ = {
			isa = XCBuildConfiguration;
			buildSettings = {
				ASSETCATALOG_COMPILER_APPICON_NAME = AppIcon;
				ASSETCATALOG_COMPILER_GLOBAL_ACCENT_COLOR_NAME = AccentColor;
				CODE_SIGN_STYLE = Automatic;
				CURRENT_PROJECT_VERSION = 1;
				DEVELOPMENT_ASSET_PATHS = "\"Socialmedia/Preview Content\"";
				DEVELOPMENT_TEAM = RHL26U4H7P;
				ENABLE_PREVIEWS = YES;
				GENERATE_INFOPLIST_FILE = YES;
				INFOPLIST_FILE = Socialmedia/Info.plist;
				INFOPLIST_KEY_UIApplicationSceneManifest_Generation = YES;
				INFOPLIST_KEY_UIApplicationSupportsIndirectInputEvents = YES;
				INFOPLIST_KEY_UILaunchScreen_Generation = YES;
				INFOPLIST_KEY_UISupportedInterfaceOrientations_iPad = "UIInterfaceOrientationPortrait UIInterfaceOrientationPortraitUpsideDown UIInterfaceOrientationLandscapeLeft UIInterfaceOrientationLandscapeRight";
				INFOPLIST_KEY_UISupportedInterfaceOrientations_iPhone = "UIInterfaceOrientationPortrait UIInterfaceOrientationLandscapeLeft UIInterfaceOrientationLandscapeRight";
				LD_RUNPATH_SEARCH_PATHS = (
					"$(inherited)",
					"@executable_path/Frameworks",
				);
				MARKETING_VERSION = 1.0;
				PRODUCT_BUNDLE_IDENTIFIER = in.edu.srmist.Changedsocialmedia;
				PRODUCT_NAME = "$(TARGET_NAME)";
				SWIFT_EMIT_LOC_STRINGS = YES;
				SWIFT_VERSION = 5.0;
				TARGETED_DEVICE_FAMILY = "1,2";
			};
			name = Release;
		};
/* End XCBuildConfiguration section */

/* Begin XCConfigurationList section */
		9834684F2B8D997E0045D037 /* Build configuration list for PBXProject "Socialmedia" */ = {
			isa = XCConfigurationList;
			buildConfigurations = (
				983468602B8D997F0045D037 /* Debug */,
				983468612B8D997F0045D037 /* Release */,
			);
			defaultConfigurationIsVisible = 0;
			defaultConfigurationName = Release;
		};
		983468622B8D997F0045D037 /* Build configuration list for PBXNativeTarget "Socialmedia" */ = {
			isa = XCConfigurationList;
			buildConfigurations = (
				983468632B8D997F0045D037 /* Debug */,
				983468642B8D997F0045D037 /* Release */,
			);
			defaultConfigurationIsVisible = 0;
			defaultConfigurationName = Release;
		};
/* End XCConfigurationList section */

/* Begin XCRemoteSwiftPackageReference section */
		2F5C5D3B2B8EECC900531C33 /* XCRemoteSwiftPackageReference "SDWebImageSwiftUI" */ = {
			isa = XCRemoteSwiftPackageReference;
			repositoryURL = "https://github.com/SDWebImage/SDWebImageSwiftUI";
			requirement = {
				kind = upToNextMajorVersion;
				minimumVersion = 2.2.6;
			};
		};
		983468692B8D9B9A0045D037 /* XCRemoteSwiftPackageReference "firebase-ios-sdk" */ = {
			isa = XCRemoteSwiftPackageReference;
			repositoryURL = "https://github.com/firebase/firebase-ios-sdk";
			requirement = {
				kind = upToNextMajorVersion;
				minimumVersion = 10.21.0;
			};
		};
/* End XCRemoteSwiftPackageReference section */

/* Begin XCSwiftPackageProductDependency section */
		2F5C5D3C2B8EECC900531C33 /* SDWebImageSwiftUI */ = {
			isa = XCSwiftPackageProductDependency;
			package = 2F5C5D3B2B8EECC900531C33 /* XCRemoteSwiftPackageReference "SDWebImageSwiftUI" */;
			productName = SDWebImageSwiftUI;
		};
		9834686A2B8D9B9A0045D037 /* FirebaseAnalytics */ = {
			isa = XCSwiftPackageProductDependency;
			package = 983468692B8D9B9A0045D037 /* XCRemoteSwiftPackageReference "firebase-ios-sdk" */;
			productName = FirebaseAnalytics;
		};
		9834686C2B8D9B9A0045D037 /* FirebaseAnalyticsOnDeviceConversion */ = {
			isa = XCSwiftPackageProductDependency;
			package = 983468692B8D9B9A0045D037 /* XCRemoteSwiftPackageReference "firebase-ios-sdk" */;
			productName = FirebaseAnalyticsOnDeviceConversion;
		};
		9834686E2B8D9B9A0045D037 /* FirebaseAnalyticsSwift */ = {
			isa = XCSwiftPackageProductDependency;
			package = 983468692B8D9B9A0045D037 /* XCRemoteSwiftPackageReference "firebase-ios-sdk" */;
			productName = FirebaseAnalyticsSwift;
		};
		983468702B8D9B9A0045D037 /* FirebaseAnalyticsWithoutAdIdSupport */ = {
			isa = XCSwiftPackageProductDependency;
			package = 983468692B8D9B9A0045D037 /* XCRemoteSwiftPackageReference "firebase-ios-sdk" */;
			productName = FirebaseAnalyticsWithoutAdIdSupport;
		};
		983468722B8D9B9A0045D037 /* FirebaseAppCheck */ = {
			isa = XCSwiftPackageProductDependency;
			package = 983468692B8D9B9A0045D037 /* XCRemoteSwiftPackageReference "firebase-ios-sdk" */;
			productName = FirebaseAppCheck;
		};
		983468742B8D9B9A0045D037 /* FirebaseAppDistribution-Beta */ = {
			isa = XCSwiftPackageProductDependency;
			package = 983468692B8D9B9A0045D037 /* XCRemoteSwiftPackageReference "firebase-ios-sdk" */;
			productName = "FirebaseAppDistribution-Beta";
		};
		983468762B8D9B9A0045D037 /* FirebaseAuth */ = {
			isa = XCSwiftPackageProductDependency;
			package = 983468692B8D9B9A0045D037 /* XCRemoteSwiftPackageReference "firebase-ios-sdk" */;
			productName = FirebaseAuth;
		};
		983468782B8D9B9A0045D037 /* FirebaseAuthCombine-Community */ = {
			isa = XCSwiftPackageProductDependency;
			package = 983468692B8D9B9A0045D037 /* XCRemoteSwiftPackageReference "firebase-ios-sdk" */;
			productName = "FirebaseAuthCombine-Community";
		};
		9834687A2B8D9B9A0045D037 /* FirebaseCrashlytics */ = {
			isa = XCSwiftPackageProductDependency;
			package = 983468692B8D9B9A0045D037 /* XCRemoteSwiftPackageReference "firebase-ios-sdk" */;
			productName = FirebaseCrashlytics;
		};
		9834687C2B8D9B9A0045D037 /* FirebaseDatabase */ = {
			isa = XCSwiftPackageProductDependency;
			package = 983468692B8D9B9A0045D037 /* XCRemoteSwiftPackageReference "firebase-ios-sdk" */;
			productName = FirebaseDatabase;
		};
		9834687E2B8D9B9A0045D037 /* FirebaseDatabaseSwift */ = {
			isa = XCSwiftPackageProductDependency;
			package = 983468692B8D9B9A0045D037 /* XCRemoteSwiftPackageReference "firebase-ios-sdk" */;
			productName = FirebaseDatabaseSwift;
		};
		983468802B8D9B9A0045D037 /* FirebaseDynamicLinks */ = {
			isa = XCSwiftPackageProductDependency;
			package = 983468692B8D9B9A0045D037 /* XCRemoteSwiftPackageReference "firebase-ios-sdk" */;
			productName = FirebaseDynamicLinks;
		};
		983468822B8D9B9A0045D037 /* FirebaseFirestore */ = {
			isa = XCSwiftPackageProductDependency;
			package = 983468692B8D9B9A0045D037 /* XCRemoteSwiftPackageReference "firebase-ios-sdk" */;
			productName = FirebaseFirestore;
		};
		983468842B8D9B9A0045D037 /* FirebaseFirestoreCombine-Community */ = {
			isa = XCSwiftPackageProductDependency;
			package = 983468692B8D9B9A0045D037 /* XCRemoteSwiftPackageReference "firebase-ios-sdk" */;
			productName = "FirebaseFirestoreCombine-Community";
		};
		983468862B8D9B9A0045D037 /* FirebaseFirestoreSwift */ = {
			isa = XCSwiftPackageProductDependency;
			package = 983468692B8D9B9A0045D037 /* XCRemoteSwiftPackageReference "firebase-ios-sdk" */;
			productName = FirebaseFirestoreSwift;
		};
		983468882B8D9B9A0045D037 /* FirebaseFunctions */ = {
			isa = XCSwiftPackageProductDependency;
			package = 983468692B8D9B9A0045D037 /* XCRemoteSwiftPackageReference "firebase-ios-sdk" */;
			productName = FirebaseFunctions;
		};
		9834688A2B8D9B9A0045D037 /* FirebaseFunctionsCombine-Community */ = {
			isa = XCSwiftPackageProductDependency;
			package = 983468692B8D9B9A0045D037 /* XCRemoteSwiftPackageReference "firebase-ios-sdk" */;
			productName = "FirebaseFunctionsCombine-Community";
		};
		9834688C2B8D9B9A0045D037 /* FirebaseInAppMessaging-Beta */ = {
			isa = XCSwiftPackageProductDependency;
			package = 983468692B8D9B9A0045D037 /* XCRemoteSwiftPackageReference "firebase-ios-sdk" */;
			productName = "FirebaseInAppMessaging-Beta";
		};
		9834688E2B8D9B9A0045D037 /* FirebaseInAppMessagingSwift-Beta */ = {
			isa = XCSwiftPackageProductDependency;
			package = 983468692B8D9B9A0045D037 /* XCRemoteSwiftPackageReference "firebase-ios-sdk" */;
			productName = "FirebaseInAppMessagingSwift-Beta";
		};
		983468902B8D9B9A0045D037 /* FirebaseInstallations */ = {
			isa = XCSwiftPackageProductDependency;
			package = 983468692B8D9B9A0045D037 /* XCRemoteSwiftPackageReference "firebase-ios-sdk" */;
			productName = FirebaseInstallations;
		};
		983468922B8D9B9A0045D037 /* FirebaseMLModelDownloader */ = {
			isa = XCSwiftPackageProductDependency;
			package = 983468692B8D9B9A0045D037 /* XCRemoteSwiftPackageReference "firebase-ios-sdk" */;
			productName = FirebaseMLModelDownloader;
		};
		983468942B8D9B9A0045D037 /* FirebaseMessaging */ = {
			isa = XCSwiftPackageProductDependency;
			package = 983468692B8D9B9A0045D037 /* XCRemoteSwiftPackageReference "firebase-ios-sdk" */;
			productName = FirebaseMessaging;
		};
		983468962B8D9B9A0045D037 /* FirebasePerformance */ = {
			isa = XCSwiftPackageProductDependency;
			package = 983468692B8D9B9A0045D037 /* XCRemoteSwiftPackageReference "firebase-ios-sdk" */;
			productName = FirebasePerformance;
		};
		983468982B8D9B9A0045D037 /* FirebaseRemoteConfig */ = {
			isa = XCSwiftPackageProductDependency;
			package = 983468692B8D9B9A0045D037 /* XCRemoteSwiftPackageReference "firebase-ios-sdk" */;
			productName = FirebaseRemoteConfig;
		};
		9834689A2B8D9B9A0045D037 /* FirebaseRemoteConfigSwift */ = {
			isa = XCSwiftPackageProductDependency;
			package = 983468692B8D9B9A0045D037 /* XCRemoteSwiftPackageReference "firebase-ios-sdk" */;
			productName = FirebaseRemoteConfigSwift;
		};
		9834689C2B8D9B9A0045D037 /* FirebaseStorage */ = {
			isa = XCSwiftPackageProductDependency;
			package = 983468692B8D9B9A0045D037 /* XCRemoteSwiftPackageReference "firebase-ios-sdk" */;
			productName = FirebaseStorage;
		};
		9834689E2B8D9B9A0045D037 /* FirebaseStorageCombine-Community */ = {
			isa = XCSwiftPackageProductDependency;
			package = 983468692B8D9B9A0045D037 /* XCRemoteSwiftPackageReference "firebase-ios-sdk" */;
			productName = "FirebaseStorageCombine-Community";
		};
/* End XCSwiftPackageProductDependency section */
	};
	rootObject = 9834684C2B8D997E0045D037 /* Project object */;
}
